# THIS IS AN AUTOGENERATED FILE. DO NOT EDIT THIS FILE DIRECTLY.
# yarn lockfile v1


"@babel/parser@^7.15.0":
  version "7.15.7"
  resolved "https://registry.nlark.com/@babel/parser/download/@babel/parser-7.15.7.tgz?cache=0&sync_timestamp=1631920112644&other_urls=https%3A%2F%2Fregistry.nlark.com%2F%40babel%2Fparser%2Fdownload%2F%40babel%2Fparser-7.15.7.tgz#0c3ed4a2eb07b165dfa85b3cc45c727334c4edae"
  integrity sha1-DD7UousHsWXfqFs8xFxyczTE7a4=

"@popperjs/core@^2.9.2":
  version "2.10.1"
  resolved "https://registry.nlark.com/@popperjs/core/download/@popperjs/core-2.10.1.tgz?cache=0&sync_timestamp=1630646750615&other_urls=https%3A%2F%2Fregistry.nlark.com%2F%40popperjs%2Fcore%2Fdownload%2F%40popperjs%2Fcore-2.10.1.tgz#728ecd95ab207aab8a9a4e421f0422db329232be"
  integrity sha1-co7NlasgequKmk5CHwQi2zKSMr4=

"@vant/icons@^1.7.1":
  version "1.7.1"
  resolved "https://registry.nlark.com/@vant/icons/download/@vant/icons-1.7.1.tgz?cache=0&sync_timestamp=1631954488381&other_urls=https%3A%2F%2Fregistry.nlark.com%2F%40vant%2Ficons%2Fdownload%2F%40vant%2Ficons-1.7.1.tgz#49ae420302b5581e54e6894891e5a05bc76e9f87"
  integrity sha1-Sa5CAwK1WB5U5olIkeWgW8dun4c=

"@vant/lazyload@^1.3.0":
  version "1.3.0"
  resolved "https://registry.npmmirror.com/@vant/lazyload/download/@vant/lazyload-1.3.0.tgz?cache=0&sync_timestamp=1632451239649&other_urls=https%3A%2F%2Fregistry.npmmirror.com%2F%40vant%2Flazyload%2Fdownload%2F%40vant%2Flazyload-1.3.0.tgz#2a743339f271989dbf87f7a4c55c9fff7ebc774e"
  integrity sha1-KnQzOfJxmJ2/h/ekxVyf/368d04=

"@vant/popperjs@^1.1.0":
  version "1.1.0"
  resolved "https://registry.npm.taobao.org/@vant/popperjs/download/@vant/popperjs-1.1.0.tgz?cache=0&sync_timestamp=1617712371368&other_urls=https%3A%2F%2Fregistry.npm.taobao.org%2F%40vant%2Fpopperjs%2Fdownload%2F%40vant%2Fpopperjs-1.1.0.tgz#b4edee5bbfa6fb18705986e313d4fd5f17942a0f"
  integrity sha1-tO3uW7+m+xhwWYbjE9T9XxeUKg8=
  dependencies:
    "@popperjs/core" "^2.9.2"

"@vant/use@^1.3.1":
  version "1.3.1"
  resolved "https://registry.nlark.com/@vant/use/download/@vant/use-1.3.1.tgz?cache=0&sync_timestamp=1632302722581&other_urls=https%3A%2F%2Fregistry.nlark.com%2F%40vant%2Fuse%2Fdownload%2F%40vant%2Fuse-1.3.1.tgz#8609fc7f86713df0c4ace7109eee6df2f3bd9a0f"
  integrity sha1-hgn8f4ZxPfDErOcQnu5t8vO9mg8=

"@vitejs/plugin-vue@^1.6.1":
  version "1.9.2"
  resolved "https://registry.npmmirror.com/@vitejs/plugin-vue/download/@vitejs/plugin-vue-1.9.2.tgz#7234efb8c3c3d60c7eac350a935074ab1820ae0e"
  integrity sha1-cjTvuMPD1gx+rDUKk1B0qxggrg4=

"@vue/compiler-core@3.2.19":
  version "3.2.19"
  resolved "https://registry.npmmirror.com/@vue/compiler-core/download/@vue/compiler-core-3.2.19.tgz?cache=0&other_urls=https%3A%2F%2Fregistry.npmmirror.com%2F%40vue%2Fcompiler-core%2Fdownload%2F%40vue%2Fcompiler-core-3.2.19.tgz#b537dd377ce51fdb64e9b30ebfbff7cd70a64cb9"
  integrity sha1-tTfdN3zlH9tk6bMOv7/3zXCmTLk=
  dependencies:
    "@babel/parser" "^7.15.0"
    "@vue/shared" "3.2.19"
    estree-walker "^2.0.2"
    source-map "^0.6.1"

"@vue/compiler-dom@3.2.19":
  version "3.2.19"
  resolved "https://registry.npmmirror.com/@vue/compiler-dom/download/@vue/compiler-dom-3.2.19.tgz?cache=0&other_urls=https%3A%2F%2Fregistry.npmmirror.com%2F%40vue%2Fcompiler-dom%2Fdownload%2F%40vue%2Fcompiler-dom-3.2.19.tgz#0607bc90de6af55fde73b09b3c4d0bf8cb597ed8"
  integrity sha1-Bge8kN5q9V/ec7CbPE0L+MtZftg=
  dependencies:
    "@vue/compiler-core" "3.2.19"
    "@vue/shared" "3.2.19"

"@vue/compiler-sfc@3.2.19", "@vue/compiler-sfc@^3.2.2":
  version "3.2.19"
  resolved "https://registry.npmmirror.com/@vue/compiler-sfc/download/@vue/compiler-sfc-3.2.19.tgz?cache=0&other_urls=https%3A%2F%2Fregistry.npmmirror.com%2F%40vue%2Fcompiler-sfc%2Fdownload%2F%40vue%2Fcompiler-sfc-3.2.19.tgz#d412195a98ebd49b84602f171719294a1d9549be"
  integrity sha1-1BIZWpjr1JuEYC8XFxkpSh2VSb4=
  dependencies:
    "@babel/parser" "^7.15.0"
    "@vue/compiler-core" "3.2.19"
    "@vue/compiler-dom" "3.2.19"
    "@vue/compiler-ssr" "3.2.19"
    "@vue/ref-transform" "3.2.19"
    "@vue/shared" "3.2.19"
    estree-walker "^2.0.2"
    magic-string "^0.25.7"
    postcss "^8.1.10"
    source-map "^0.6.1"

"@vue/compiler-ssr@3.2.19":
  version "3.2.19"
  resolved "https://registry.npmmirror.com/@vue/compiler-ssr/download/@vue/compiler-ssr-3.2.19.tgz?cache=0&sync_timestamp=1632596768273&other_urls=https%3A%2F%2Fregistry.npmmirror.com%2F%40vue%2Fcompiler-ssr%2Fdownload%2F%40vue%2Fcompiler-ssr-3.2.19.tgz#3e91ecf70f8f961c5f63eacd2139bcdab9a7a07c"
  integrity sha1-PpHs9w+PlhxfY+rNITm82rmnoHw=
  dependencies:
    "@vue/compiler-dom" "3.2.19"
    "@vue/shared" "3.2.19"

"@vue/reactivity@3.2.19":
  version "3.2.19"
  resolved "https://registry.npmmirror.com/@vue/reactivity/download/@vue/reactivity-3.2.19.tgz?cache=0&other_urls=https%3A%2F%2Fregistry.npmmirror.com%2F%40vue%2Freactivity%2Fdownload%2F%40vue%2Freactivity-3.2.19.tgz#fc6e0f0106f295226835cfed5ff5f84d927bea65"
  integrity sha1-/G4PAQbylSJoNc/tX/X4TZJ76mU=
  dependencies:
    "@vue/shared" "3.2.19"

"@vue/ref-transform@3.2.19":
  version "3.2.19"
  resolved "https://registry.npmmirror.com/@vue/ref-transform/download/@vue/ref-transform-3.2.19.tgz?cache=0&sync_timestamp=1632596767728&other_urls=https%3A%2F%2Fregistry.npmmirror.com%2F%40vue%2Fref-transform%2Fdownload%2F%40vue%2Fref-transform-3.2.19.tgz#cf0f986486bb26838fbd09749e927bab19745600"
  integrity sha1-zw+YZIa7JoOPvQl0npJ7qxl0VgA=
  dependencies:
    "@babel/parser" "^7.15.0"
    "@vue/compiler-core" "3.2.19"
    "@vue/shared" "3.2.19"
    estree-walker "^2.0.2"
    magic-string "^0.25.7"

"@vue/runtime-core@3.2.19":
  version "3.2.19"
  resolved "https://registry.npmmirror.com/@vue/runtime-core/download/@vue/runtime-core-3.2.19.tgz?cache=0&other_urls=https%3A%2F%2Fregistry.npmmirror.com%2F%40vue%2Fruntime-core%2Fdownload%2F%40vue%2Fruntime-core-3.2.19.tgz#807715b7f4728abb84fa4a8efdbe37d8ddb4c6d3"
  integrity sha1-gHcVt/RyiruE+kqO/b432N20xtM=
  dependencies:
    "@vue/reactivity" "3.2.19"
    "@vue/shared" "3.2.19"

"@vue/runtime-dom@3.2.19":
  version "3.2.19"
  resolved "https://registry.npmmirror.com/@vue/runtime-dom/download/@vue/runtime-dom-3.2.19.tgz?cache=0&other_urls=https%3A%2F%2Fregistry.npmmirror.com%2F%40vue%2Fruntime-dom%2Fdownload%2F%40vue%2Fruntime-dom-3.2.19.tgz#7e8bf645754703e360fa132e4be9113edf2377bb"
  integrity sha1-fov2RXVHA+Ng+hMuS+kRPt8jd7s=
  dependencies:
    "@vue/runtime-core" "3.2.19"
    "@vue/shared" "3.2.19"
    csstype "^2.6.8"

"@vue/server-renderer@3.2.19":
  version "3.2.19"
  resolved "https://registry.npmmirror.com/@vue/server-renderer/download/@vue/server-renderer-3.2.19.tgz?cache=0&other_urls=https%3A%2F%2Fregistry.npmmirror.com%2F%40vue%2Fserver-renderer%2Fdownload%2F%40vue%2Fserver-renderer-3.2.19.tgz#870bcec9f7cdaee0c2187a169b6e636ab4362fb1"
  integrity sha1-hwvOyffNruDCGHoWm25jarQ2L7E=
  dependencies:
    "@vue/compiler-ssr" "3.2.19"
    "@vue/shared" "3.2.19"

"@vue/shared@3.2.19":
  version "3.2.19"
  resolved "https://registry.npmmirror.com/@vue/shared/download/@vue/shared-3.2.19.tgz?cache=0&sync_timestamp=1632596763718&other_urls=https%3A%2F%2Fregistry.npmmirror.com%2F%40vue%2Fshared%2Fdownload%2F%40vue%2Fshared-3.2.19.tgz#111ec3da18337d86274446984c49925b1b2b2dd7"
  integrity sha1-ER7D2hgzfYYnREaYTEmSWxsrLdc=

csstype@^2.6.8:
  version "2.6.18"
  resolved "https://registry.nlark.com/csstype/download/csstype-2.6.18.tgz#980a8b53085f34af313410af064f2bd241784218"
  integrity sha1-mAqLUwhfNK8xNBCvBk8r0kF4Qhg=

esbuild@^0.12.17:
  version "0.12.29"
  resolved "https://registry.npmmirror.com/esbuild/download/esbuild-0.12.29.tgz?cache=0&sync_timestamp=1632403934554&other_urls=https%3A%2F%2Fregistry.npmmirror.com%2Fesbuild%2Fdownload%2Fesbuild-0.12.29.tgz#be602db7c4dc78944a9dbde0d1ea19d36c1f882d"
  integrity sha1-vmAtt8TceJRKnb3g0eoZ02wfiC0=

estree-walker@^2.0.2:
  version "2.0.2"
  resolved "https://registry.npm.taobao.org/estree-walker/download/estree-walker-2.0.2.tgz?cache=0&sync_timestamp=1611956983677&other_urls=https%3A%2F%2Fregistry.npm.taobao.org%2Festree-walker%2Fdownload%2Festree-walker-2.0.2.tgz#52f010178c2a4c117a7757cfe942adb7d2da4cac"
  integrity sha1-UvAQF4wqTBF6d1fP6UKtt9LaTKw=

fsevents@~2.3.2:
  version "2.3.2"
  resolved "https://registry.nlark.com/fsevents/download/fsevents-2.3.2.tgz#8a526f78b8fdf4623b709e0b975c52c24c02fd1a"
  integrity sha1-ilJveLj99GI7cJ4Ll1xSwkwC/Ro=

function-bind@^1.1.1:
  version "1.1.1"
  resolved "https://registry.npm.taobao.org/function-bind/download/function-bind-1.1.1.tgz#a56899d3ea3c9bab874bb9773b7c5ede92f4895d"
  integrity sha1-pWiZ0+o8m6uHS7l3O3xe3pL0iV0=

has@^1.0.3:
  version "1.0.3"
  resolved "https://registry.nlark.com/has/download/has-1.0.3.tgz#722d7cbfc1f6aa8241f16dd814e011e1f41e8796"
  integrity sha1-ci18v8H2qoJB8W3YFOAR4fQeh5Y=
  dependencies:
    function-bind "^1.1.1"

is-core-module@^2.2.0:
  version "2.6.0"
  resolved "https://registry.nlark.com/is-core-module/download/is-core-module-2.6.0.tgz?cache=0&sync_timestamp=1629224656971&other_urls=https%3A%2F%2Fregistry.nlark.com%2Fis-core-module%2Fdownload%2Fis-core-module-2.6.0.tgz#d7553b2526fe59b92ba3e40c8df757ec8a709e19"
  integrity sha1-11U7JSb+Wbkro+QMjfdX7Ipwnhk=
  dependencies:
    has "^1.0.3"

magic-string@^0.25.7:
  version "0.25.7"
  resolved "https://registry.nlark.com/magic-string/download/magic-string-0.25.7.tgz?cache=0&sync_timestamp=1618847046304&other_urls=https%3A%2F%2Fregistry.nlark.com%2Fmagic-string%2Fdownload%2Fmagic-string-0.25.7.tgz#3f497d6fd34c669c6798dcb821f2ef31f5445051"
  integrity sha1-P0l9b9NMZpxnmNy4IfLvMfVEUFE=
  dependencies:
    sourcemap-codec "^1.4.4"

nanocolors@^0.2.2, nanocolors@^0.2.6:
  version "0.2.7"
  resolved "https://registry.npmmirror.com/nanocolors/download/nanocolors-0.2.7.tgz#24da4fa1c6e79515b164bea77bb789a1cd7e78f3"
  integrity sha1-JNpPocbnlRWxZL6ne7eJoc1+ePM=

nanoid@^3.1.25:
  version "3.1.26"
  resolved "https://registry.npmmirror.com/nanoid/download/nanoid-3.1.26.tgz?cache=0&sync_timestamp=1632641163882&other_urls=https%3A%2F%2Fregistry.npmmirror.com%2Fnanoid%2Fdownload%2Fnanoid-3.1.26.tgz#c1a335a2a365ff4394f4f62137cd96297533f526"
  integrity sha1-waM1oqNl/0OU9PYhN82WKXUz9SY=
  dependencies:
    nanocolors "^0.2.6"

path-parse@^1.0.6:
  version "1.0.7"
  resolved "https://registry.nlark.com/path-parse/download/path-parse-1.0.7.tgz#fbc114b60ca42b30d9daf5858e4bd68bbedb6735"
  integrity sha1-+8EUtgykKzDZ2vWFjkvWi77bZzU=

postcss@^8.1.10, postcss@^8.3.6:
  version "8.3.8"
  resolved "https://registry.npmmirror.com/postcss/download/postcss-8.3.8.tgz?cache=0&sync_timestamp=1632555308410&other_urls=https%3A%2F%2Fregistry.npmmirror.com%2Fpostcss%2Fdownload%2Fpostcss-8.3.8.tgz#9ebe2a127396b4b4570ae9f7770e7fb83db2bac1"
  integrity sha1-nr4qEnOWtLRXCun3dw5/uD2yusE=
  dependencies:
    nanocolors "^0.2.2"
    nanoid "^3.1.25"
    source-map-js "^0.6.2"

resolve@^1.20.0:
  version "1.20.0"
  resolved "https://registry.npm.taobao.org/resolve/download/resolve-1.20.0.tgz#629a013fb3f70755d6f0b7935cc1c2c5378b1975"
  integrity sha1-YpoBP7P3B1XW8LeTXMHCxTeLGXU=
  dependencies:
    is-core-module "^2.2.0"
    path-parse "^1.0.6"

rollup@^2.38.5:
  version "2.57.0"
  resolved "https://registry.nlark.com/rollup/download/rollup-2.57.0.tgz?cache=0&sync_timestamp=1632285934842&other_urls=https%3A%2F%2Fregistry.nlark.com%2Frollup%2Fdownload%2Frollup-2.57.0.tgz#c1694475eb22e1022477c0f4635fd0ac80713173"
  integrity sha1-wWlEdesi4QIkd8D0Y1/QrIBxMXM=
  optionalDependencies:
    fsevents "~2.3.2"

source-map-js@^0.6.2:
  version "0.6.2"
  resolved "https://registry.nlark.com/source-map-js/download/source-map-js-0.6.2.tgz#0bb5de631b41cfbda6cfba8bd05a80efdfd2385e"
  integrity sha1-C7XeYxtBz72mz7qL0FqA79/SOF4=

source-map@^0.6.1:
  version "0.6.1"
  resolved "https://registry.nlark.com/source-map/download/source-map-0.6.1.tgz#74722af32e9614e9c287a8d0bbde48b5e2f1a263"
  integrity sha1-dHIq8y6WFOnCh6jQu95IteLxomM=

sourcemap-codec@^1.4.4:
  version "1.4.8"
  resolved "https://registry.nlark.com/sourcemap-codec/download/sourcemap-codec-1.4.8.tgz#ea804bd94857402e6992d05a38ef1ae35a9ab4c4"
  integrity sha1-6oBL2UhXQC5pktBaOO8a41qatMQ=

ts-import-plugin@^1.6.7:
  version "1.6.7"
  resolved "https://registry.npm.taobao.org/ts-import-plugin/download/ts-import-plugin-1.6.7.tgz#219cabef4a8b50d8321ac750758837378492914c"
  integrity sha1-IZyr70qLUNgyGsdQdYg3N4SSkUw=
  dependencies:
    tslib "^2.0.3"

tslib@^2.0.3:
  version "2.3.1"
  resolved "https://registry.nlark.com/tslib/download/tslib-2.3.1.tgz?cache=0&sync_timestamp=1628722556410&other_urls=https%3A%2F%2Fregistry.nlark.com%2Ftslib%2Fdownload%2Ftslib-2.3.1.tgz#e8a335add5ceae51aa261d32a490158ef042ef01"
  integrity sha1-6KM1rdXOrlGqJh0ypJAVjvBC7wE=

vant@^3.2.3:
  version "3.2.4"
  resolved "https://registry.npmmirror.com/vant/download/vant-3.2.4.tgz#0d9fd0c58a09d56b91c4d5410fee0cdb989c8eb8"
  integrity sha1-DZ/QxYoJ1WuRxNVBD+4M25icjrg=
  dependencies:
    "@vant/icons" "^1.7.1"
    "@vant/lazyload" "^1.3.0"
    "@vant/popperjs" "^1.1.0"
    "@vant/use" "^1.3.1"

vite@^2.5.8:
  version "2.5.10"
  resolved "https://registry.npmmirror.com/vite/download/vite-2.5.10.tgz?cache=0&sync_timestamp=1632405146348&other_urls=https%3A%2F%2Fregistry.npmmirror.com%2Fvite%2Fdownload%2Fvite-2.5.10.tgz#c598e3b5a7e1956ffc52eb3b3420d177fc2ed2a5"
  integrity sha1-xZjjtafhlW/8Uus7NCDRd/wu0qU=
  dependencies:
    esbuild "^0.12.17"
    postcss "^8.3.6"
    resolve "^1.20.0"
    rollup "^2.38.5"
  optionalDependencies:
    fsevents "~2.3.2"

vue@^3.2.12:
  version "3.2.19"
  resolved "https://registry.npmmirror.com/vue/download/vue-3.2.19.tgz#da2c80a6a0271c7097fee9e31692adfd9d569c8f"
  integrity sha1-2iyApqAnHHCX/unjFpKt/Z1WnI8=
  dependencies:
    "@vue/compiler-dom" "3.2.19"
    "@vue/compiler-sfc" "3.2.19"
    "@vue/runtime-dom" "3.2.19"
    "@vue/server-renderer" "3.2.19"
    "@vue/shared" "3.2.19"
